// !$*UTF8*$!
{
	archiveVersion = 1;
	classes = {
	};
	objectVersion = 48;
	objects = {

/* Begin PBXBuildFile section */
		C033A8A62038675000D44924 /* EmployeeFormViewController.swift in Sources */ = {isa = PBXBuildFile; fileRef = C033A8A52038675000D44924 /* EmployeeFormViewController.swift */; };
		C033A8A820386BAB00D44924 /* CustomTableViewCell.swift in Sources */ = {isa = PBXBuildFile; fileRef = C033A8A720386BAB00D44924 /* CustomTableViewCell.swift */; };
		C0BD6FFB20385C46006F8242 /* AppDelegate.swift in Sources */ = {isa = PBXBuildFile; fileRef = C0BD6FFA20385C46006F8242 /* AppDelegate.swift */; };
		C0BD6FFD20385C47006F8242 /* ViewController.swift in Sources */ = {isa = PBXBuildFile; fileRef = C0BD6FFC20385C47006F8242 /* ViewController.swift */; };
		C0BD700020385C4A006F8242 /* Main.storyboard in Resources */ = {isa = PBXBuildFile; fileRef = C0BD6FFE20385C4A006F8242 /* Main.storyboard */; };
		C0BD700220385C4D006F8242 /* Assets.xcassets in Resources */ = {isa = PBXBuildFile; fileRef = C0BD700120385C4D006F8242 /* Assets.xcassets */; };
		C0BD700520385C4D006F8242 /* LaunchScreen.storyboard in Resources */ = {isa = PBXBuildFile; fileRef = C0BD700320385C4D006F8242 /* LaunchScreen.storyboard */; };
/* End PBXBuildFile section */

/* Begin PBXFileReference section */
		C033A8A52038675000D44924 /* EmployeeFormViewController.swift */ = {isa = PBXFileReference; lastKnownFileType = sourcecode.swift; path = EmployeeFormViewController.swift; sourceTree = "<group>"; };
		C033A8A720386BAB00D44924 /* CustomTableViewCell.swift */ = {isa = PBXFileReference; lastKnownFileType = sourcecode.swift; path = CustomTableViewCell.swift; sourceTree = "<group>"; };
		C0BD6FF720385C45006F8242 /* ansh_SystemTask.app */ = {isa = PBXFileReference; explicitFileType = wrapper.application; includeInIndex = 0; path = ansh_SystemTask.app; sourceTree = BUILT_PRODUCTS_DIR; };
		C0BD6FFA20385C46006F8242 /* AppDelegate.swift */ = {isa = PBXFileReference; lastKnownFileType = sourcecode.swift; path = AppDelegate.swift; sourceTree = "<group>"; };
		C0BD6FFC20385C47006F8242 /* ViewController.swift */ = {isa = PBXFileReference; lastKnownFileType = sourcecode.swift; path = ViewController.swift; sourceTree = "<group>"; };
		C0BD6FFF20385C4A006F8242 /* Base */ = {isa = PBXFileReference; lastKnownFileType = file.storyboard; name = Base; path = Base.lproj/Main.storyboard; sourceTree = "<group>"; };
		C0BD700120385C4D006F8242 /* Assets.xcassets */ = {isa = PBXFileReference; lastKnownFileType = folder.assetcatalog; path = Assets.xcassets; sourceTree = "<group>"; };
		C0BD700420385C4D006F8242 /* Base */ = {isa = PBXFileReference; lastKnownFileType = file.storyboard; name = Base; path = Base.lproj/LaunchScreen.storyboard; sourceTree = "<group>"; };
		C0BD700620385C4F006F8242 /* Info.plist */ = {isa = PBXFileReference; lastKnownFileType = text.plist.xml; path = Info.plist; sourceTree = "<group>"; };
/* End PBXFileReference section */

/* Begin PBXFrameworksBuildPhase section */
		C0BD6FF420385C45006F8242 /* Frameworks */ = {
			isa = PBXFrameworksBuildPhase;
			buildActionMask = 2147483647;
			files = (
			);
			runOnlyForDeploymentPostprocessing = 0;
		};
/* End PBXFrameworksBuildPhase section */

/* Begin PBXGroup section */
		C033A8A920386E3400D44924 /* Employee List */ = {
			isa = PBXGroup;
			children = (
				C0BD6FFC20385C47006F8242 /* ViewController.swift */,
				C033A8A720386BAB00D44924 /* CustomTableViewCell.swift */,
			);
			path = "Employee List";
			sourceTree = "<group>";
		};
		C033A8AA20386E5300D44924 /* Employee Form */ = {
			isa = PBXGroup;
			children = (
				C033A8A52038675000D44924 /* EmployeeFormViewController.swift */,
			);
			path = "Employee Form";
			sourceTree = "<group>";
		};
		C0BD6FEE20385C42006F8242 = {
			isa = PBXGroup;
			children = (
				C0BD6FF920385C46006F8242 /* ansh_SystemTask */,
				C0BD6FF820385C45006F8242 /* Products */,
			);
			sourceTree = "<group>";
		};
		C0BD6FF820385C45006F8242 /* Products */ = {
			isa = PBXGroup;
			children = (
				C0BD6FF720385C45006F8242 /* ansh_SystemTask.app */,
			);
			name = Products;
			sourceTree = "<group>";
		};
		C0BD6FF920385C46006F8242 /* ansh_SystemTask */ = {
			isa = PBXGroup;
			children = (
				C0BD6FFA20385C46006F8242 /* AppDelegate.swift */,
				C033A8A920386E3400D44924 /* Employee List */,
				C033A8AA20386E5300D44924 /* Employee Form */,
				C0BD6FFE20385C4A006F8242 /* Main.storyboard */,
				C0BD700120385C4D006F8242 /* Assets.xcassets */,
				C0BD700320385C4D006F8242 /* LaunchScreen.storyboard */,
				C0BD700620385C4F006F8242 /* Info.plist */,
			);
			path = ansh_SystemTask;
			sourceTree = "<group>";
		};
/* End PBXGroup section */

/* Begin PBXNativeTarget section */
		C0BD6FF620385C45006F8242 /* ansh_SystemTask */ = {
			isa = PBXNativeTarget;
			buildConfigurationList = C0BD700920385C4F006F8242 /* Build configuration list for PBXNativeTarget "ansh_SystemTask" */;
			buildPhases = (
				C0BD6FF320385C45006F8242 /* Sources */,
				C0BD6FF420385C45006F8242 /* Frameworks */,
				C0BD6FF520385C45006F8242 /* Resources */,
			);
			buildRules = (
			);
			dependencies = (
			);
			name = ansh_SystemTask;
			productName = ansh_SystemTask;
			productReference = C0BD6FF720385C45006F8242 /* ansh_SystemTask.app */;
			productType = "com.apple.product-type.application";
		};
/* End PBXNativeTarget section */

/* Begin PBXProject section */
		C0BD6FEF20385C42006F8242 /* Project object */ = {
			isa = PBXProject;
			attributes = {
				LastSwiftUpdateCheck = 0910;
				LastUpgradeCheck = 0910;
				ORGANIZATIONNAME = "Pavankumar G";
				TargetAttributes = {
					C0BD6FF620385C45006F8242 = {
						CreatedOnToolsVersion = 9.1;
						ProvisioningStyle = Automatic;
					};
				};
			};
			buildConfigurationList = C0BD6FF220385C43006F8242 /* Build configuration list for PBXProject "ansh_SystemTask" */;
			compatibilityVersion = "Xcode 8.0";
			developmentRegion = en;
			hasScannedForEncodings = 0;
			knownRegions = (
				en,
				Base,
			);
			mainGroup = C0BD6FEE20385C42006F8242;
			productRefGroup = C0BD6FF820385C45006F8242 /* Products */;
			projectDirPath = "";
			projectRoot = "";
			targets = (
				C0BD6FF620385C45006F8242 /* ansh_SystemTask */,
			);
		};
/* End PBXProject section */

/* Begin PBXResourcesBuildPhase section */
		C0BD6FF520385C45006F8242 /* Resources */ = {
			isa = PBXResourcesBuildPhase;
			buildActionMask = 2147483647;
			files = (
				C0BD700520385C4D006F8242 /* LaunchScreen.storyboard in Resources */,
				C0BD700220385C4D006F8242 /* Assets.xcassets in Resources */,
				C0BD700020385C4A006F8242 /* Main.storyboard in Resources */,
			);
			runOnlyForDeploymentPostprocessing = 0;
		};
/* End PBXResourcesBuildPhase section */

/* Begin PBXSourcesBuildPhase section */
		C0BD6FF320385C45006F8242 /* Sources */ = {
			isa = PBXSourcesBuildPhase;
			buildActionMask = 2147483647;
			files = (
				C0BD6FFD20385C47006F8242 /* ViewController.swift in Sources */,
				C0BD6FFB20385C46006F8242 /* AppDelegate.swift in Sources */,
				C033A8A820386BAB00D44924 /* CustomTableViewCell.swift in Sources */,
				C033A8A62038675000D44924 /* EmployeeFormViewController.swift in Sources */,
			);
			runOnlyForDeploymentPostprocessing = 0;
		};
/* End PBXSourcesBuildPhase section */

/* Begin PBXVariantGroup section */
		C0BD6FFE20385C4A006F8242 /* Main.storyboard */ = {
			isa = PBXVariantGroup;
			children = (
				C0BD6FFF20385C4A006F8242 /* Base */,
			);
			name = Main.storyboard;
			sourceTree = "<group>";
		};
		C0BD700320385C4D006F8242 /* LaunchScreen.storyboard */ = {
			isa = PBXVariantGroup;
			children = (
				C0BD700420385C4D006F8242 /* Base */,
			);
			name = LaunchScreen.storyboard;
			sourceTree = "<group>";
		};
/* End PBXVariantGroup section */

/* Begin XCBuildConfiguration section */
		C0BD700720385C4F006F8242 /* Debug */ = {
			isa = XCBuildConfiguration;
			buildSettings = {
				ALWAYS_SEARCH_USER_PATHS = NO;
				CLANG_ANALYZER_NONNULL = YES;
				CLANG_ANALYZER_NUMBER_OBJECT_CONVERSION = YES_AGGRESSIVE;
				CLANG_CXX_LANGUAGE_STANDARD = "gnu++14";
				CLANG_CXX_LIBRARY = "libc++";
				CLANG_ENABLE_MODULES = YES;
				CLANG_ENABLE_OBJC_ARC = YES;
				CLANG_WARN_BLOCK_CAPTURE_AUTORELEASING = YES;
				CLANG_WARN_BOOL_CONVERSION = YES;
				CLANG_WARN_COMMA = YES;
				CLANG_WARN_CONSTANT_CONVERSION = YES;
				CLANG_WARN_DIRECT_OBJC_ISA_USAGE = YES_ERROR;
				CLANG_WARN_DOCUMENTATION_COMMENTS = YES;
				CLANG_WARN_EMPTY_BODY = YES;
				CLANG_WARN_ENUM_CONVERSION = YES;
				CLANG_WARN_INFINITE_RECURSION = YES;
				CLANG_WARN_INT_CONVERSION = YES;
				CLANG_WARN_NON_LITERAL_NULL_CONVERSION = YES;
				CLANG_WARN_OBJC_LITERAL_CONVERSION = YES;
				CLANG_WARN_OBJC_ROOT_CLASS = YES_ERROR;
				CLANG_WARN_RANGE_LOOP_ANALYSIS = YES;
				CLANG_WARN_STRICT_PROTOTYPES = YES;
				CLANG_WARN_SUSPICIOUS_MOVE = YES;
				CLANG_WARN_UNGUARDED_AVAILABILITY = YES_AGGRESSIVE;
				CLANG_WARN_UNREACHABLE_CODE = YES;
				CLANG_WARN__DUPLICATE_METHOD_MATCH = YES;
				CODE_SIGN_IDENTITY = "iPhone Developer";
				COPY_PHASE_STRIP = NO;
				DEBUG_INFORMATION_FORMAT = dwarf;
				ENABLE_STRICT_OBJC_MSGSEND = YES;
				ENABLE_TESTABILITY = YES;
				GCC_C_LANGUAGE_STANDARD = gnu11;
				GCC_DYNAMIC_NO_PIC = NO;
				GCC_NO_COMMON_BLOCKS = YES;
				GCC_OPTIMIZATION_LEVEL = 0;
				GCC_PREPROCESSOR_DEFINITIONS = (
					"DEBUG=1",
					"$(inherited)",
				);
				GCC_WARN_64_TO_32_BIT_CONVERSION = YES;
				GCC_WARN_ABOUT_RETURN_TYPE = YES_ERROR;
				GCC_WARN_UNDECLARED_SELECTOR = YES;
				GCC_WARN_UNINITIALIZED_AUTOS = YES_AGGRESSIVE;
				GCC_WARN_UNUSED_FUNCTION = YES;
				GCC_WARN_UNUSED_VARIABLE = YES;
				IPHONEOS_DEPLOYMENT_TARGET = 11.1;
				MTL_ENABLE_DEBUG_INFO = YES;
				ONLY_ACTIVE_ARCH = YES;
				SDKROOT = iphoneos;
				SWIFT_ACTIVE_COMPILATION_CONDITIONS = DEBUG;
				SWIFT_OPTIMIZATION_LEVEL = "-Onone";
			};
			name = Debug;
		};
		C0BD700820385C4F006F8242 /* Release */ = {
			isa = XCBuildConfiguration;
			buildSettings = {
				ALWAYS_SEARCH_USER_PATHS = NO;
				CLANG_ANALYZER_NONNULL = YES;
				CLANG_ANALYZER_NUMBER_OBJECT_CONVERSION = YES_AGGRESSIVE;
				CLANG_CXX_LANGUAGE_STANDARD = "gnu++14";
				CLANG_CXX_LIBRARY = "libc++";
				CLANG_ENABLE_MODULES = YES;
				CLANG_ENABLE_OBJC_ARC = YES;
				CLANG_WARN_BLOCK_CAPTURE_AUTORELEASING = YES;
				CLANG_WARN_BOOL_CONVERSION = YES;
				CLANG_WARN_COMMA = YES;
				CLANG_WARN_CONSTANT_CONVERSION = YES;
				CLANG_WARN_DIRECT_OBJC_ISA_USAGE = YES_ERROR;
				CLANG_WARN_DOCUMENTATION_COMMENTS = YES;
				CLANG_WARN_EMPTY_BODY = YES;
				CLANG_WARN_ENUM_CONVERSION = YES;
				CLANG_WARN_INFINITE_RECURSION = YES;
				CLANG_WARN_INT_CONVERSION = YES;
				CLANG_WARN_NON_LITERAL_NULL_CONVERSION = YES;
				CLANG_WARN_OBJC_LITERAL_CONVERSION = YES;
				CLANG_WARN_OBJC_ROOT_CLASS = YES_ERROR;
				CLANG_WARN_RANGE_LOOP_ANALYSIS = YES;
				CLANG_WARN_STRICT_PROTOTYPES = YES;
				CLANG_WARN_SUSPICIOUS_MOVE = YES;
				CLANG_WARN_UNGUARDED_AVAILABILITY = YES_AGGRESSIVE;
				CLANG_WARN_UNREACHABLE_CODE = YES;
				CLANG_WARN__DUPLICATE_METHOD_MATCH = YES;
				CODE_SIGN_IDENTITY = "iPhone Developer";
				COPY_PHASE_STRIP = NO;
				DEBUG_INFORMATION_FORMAT = "dwarf-with-dsym";
				ENABLE_NS_ASSERTIONS = NO;
				ENABLE_STRICT_OBJC_MSGSEND = YES;
				GCC_C_LANGUAGE_STANDARD = gnu11;
				GCC_NO_COMMON_BLOCKS = YES;
				GCC_WARN_64_TO_32_BIT_CONVERSION = YES;
				GCC_WARN_ABOUT_RETURN_TYPE = YES_ERROR;
				GCC_WARN_UNDECLARED_SELECTOR = YES;
				GCC_WARN_UNINITIALIZED_AUTOS = YES_AGGRESSIVE;
				GCC_WARN_UNUSED_FUNCTION = YES;
				GCC_WARN_UNUSED_VARIABLE = YES;
				IPHONEOS_DEPLOYMENT_TARGET = 11.1;
				MTL_ENABLE_DEBUG_INFO = NO;
				SDKROOT = iphoneos;
				SWIFT_OPTIMIZATION_LEVEL = "-Owholemodule";
				VALIDATE_PRODUCT = YES;
			};
			name = Release;
		};
		C0BD700A20385C4F006F8242 /* Debug */ = {
			isa = XCBuildConfiguration;
			buildSettings = {
				ASSETCATALOG_COMPILER_APPICON_NAME = AppIcon;
				CODE_SIGN_STYLE = Automatic;
				DEVELOPMENT_TEAM = 5X5267WVRT;
				INFOPLIST_FILE = ansh_SystemTask/Info.plist;
				IPHONEOS_DEPLOYMENT_TARGET = 10.0;
				LD_RUNPATH_SEARCH_PATHS = "$(inherited) @executable_path/Frameworks";
				PRODUCT_BUNDLE_IDENTIFIER = "ansh.ansh-SystemTask";
				PRODUCT_NAME = "$(TARGET_NAME)";
				SWIFT_VERSION = 4.0;
				TARGETED_DEVICE_FAMILY = "1,2";
			};
			name = Debug;
		};
		C0BD700B20385C4F006F8242 /* Release */ = {
			isa = XCBuildConfiguration;
			buildSettings = {
				ASSETCATALOG_COMPILER_APPICON_NAME = AppIcon;
				CODE_SIGN_STYLE = Automatic;
				DEVELOPMENT_TEAM = 5X5267WVRT;
				INFOPLIST_FILE = ansh_SystemTask/Info.plist;
				IPHONEOS_DEPLOYMENT_TARGET = 10.0;
				LD_RUNPATH_SEARCH_PATHS = "$(inherited) @executable_path/Frameworks";
				PRODUCT_BUNDLE_IDENTIFIER = "ansh.ansh-SystemTask";
				PRODUCT_NAME = "$(TARGET_NAME)";
				SWIFT_VERSION = 4.0;
				TARGETED_DEVICE_FAMILY = "1,2";
			};
			name = Release;
		};
/* End XCBuildConfiguration section */

/* Begin XCConfigurationList section */
		C0BD6FF220385C43006F8242 /* Build configuration list for PBXProject "ansh_SystemTask" */ = {
			isa = XCConfigurationList;
			buildConfigurations = (
				C0BD700720385C4F006F8242 /* Debug */,
				C0BD700820385C4F006F8242 /* Release */,
			);
			defaultConfigurationIsVisible = 0;
			defaultConfigurationName = Release;
		};
		C0BD700920385C4F006F8242 /* Build configuration list for PBXNativeTarget "ansh_SystemTask" */ = {
			isa = XCConfigurationList;
			buildConfigurations = (
				C0BD700A20385C4F006F8242 /* Debug */,
				C0BD700B20385C4F006F8242 /* Release */,
			);
			defaultConfigurationIsVisible = 0;
			defaultConfigurationName = Release;
		};
/* End XCConfigurationList section */
	};
	rootObject = C0BD6FEF20385C42006F8242 /* Project object */;
}
